
Microsoft Visual Studio Solution File, Format Version 12.00
# Visual Studio Version 16
VisualStudioVersion = 16.0.30611.23
MinimumVisualStudioVersion = 10.0.40219.1
Project("{9A19103F-16F7-4668-BE54-9A1E7A4F7556}") = "HomeRobot", "HomeRobot\HomeRobot.csproj", "{4CF502DD-AE2C-436B-B9B5-4BA2B33652F8}"
EndProject
Project("{FAE04EC0-301F-11D3-BF4B-00C04F79EFBC}") = "HomeRobot.Test", "HomeRobot.Test\HomeRobot.Test.csproj", "{FD694546-4118-47D4-9E07-8FE7BB1D0F09}"
EndProject
Project("{FAE04EC0-301F-11D3-BF4B-00C04F79EFBC}") = "HomeRobot.Core", "HomeRobot.Core\HomeRobot.Core.csproj", "{3F0D3608-5078-4D5E-944E-8D26ACD694F3}"
EndProject
Project("{2150E333-8FDC-42A3-9474-1A3956D46DE8}") = "Configurations", "Configurations", "{37ECFCDB-BE4C-4464-9D4B-7ACF1489E042}"
	ProjectSection(SolutionItems) = preProject
		Config1.json = Config1.json
	EndProjectSection
EndProject
Global
	GlobalSection(SolutionConfigurationPlatforms) = preSolution
		Debug|Any CPU = Debug|Any CPU
		Release|Any CPU = Release|Any CPU
	EndGlobalSection
	GlobalSection(ProjectConfigurationPlatforms) = postSolution
		{4CF502DD-AE2C-436B-B9B5-4BA2B33652F8}.Debug|Any CPU.ActiveCfg = Debug|Any CPU
		{4CF502DD-AE2C-436B-B9B5-4BA2B33652F8}.Debug|Any CPU.Build.0 = Debug|Any CPU
		{4CF502DD-AE2C-436B-B9B5-4BA2B33652F8}.Release|Any CPU.ActiveCfg = Release|Any CPU
		{4CF502DD-AE2C-436B-B9B5-4BA2B33652F8}.Release|Any CPU.Build.0 = Release|Any CPU
		{FD694546-4118-47D4-9E07-8FE7BB1D0F09}.Debug|Any CPU.ActiveCfg = Debug|Any CPU
		{FD694546-4118-47D4-9E07-8FE7BB1D0F09}.Debug|Any CPU.Build.0 = Debug|Any CPU
		{FD694546-4118-47D4-9E07-8FE7BB1D0F09}.Release|Any CPU.ActiveCfg = Release|Any CPU
		{FD694546-4118-47D4-9E07-8FE7BB1D0F09}.Release|Any CPU.Build.0 = Release|Any CPU
		{3F0D3608-5078-4D5E-944E-8D26ACD694F3}.Debug|Any CPU.ActiveCfg = Debug|Any CPU
		{3F0D3608-5078-4D5E-944E-8D26ACD694F3}.Debug|Any CPU.Build.0 = Debug|Any CPU
		{3F0D3608-5078-4D5E-944E-8D26ACD694F3}.Release|Any CPU.ActiveCfg = Release|Any CPU
		{3F0D3608-5078-4D5E-944E-8D26ACD694F3}.Release|Any CPU.Build.0 = Release|Any CPU
	EndGlobalSection
	GlobalSection(SolutionProperties) = preSolution
		HideSolutionNode = FALSE
	EndGlobalSection
	GlobalSection(ExtensibilityGlobals) = postSolution
		SolutionGuid = {A61EDCB4-B87A-4698-89C1-6F1A5F41B643}
	EndGlobalSection
EndGlobal
